Microsoft Visual Studio Solution File, Format Version 12.00
# Visual Studio 14
VisualStudioVersion = 14.0.25420.1
MinimumVisualStudioVersion = 10.0.40219.1
Project("{FAE04EC0-301F-11D3-BF4B-00C04F79EFBC}") = "Mapsui.Forms.Android", "Mapsui.Forms.Android\Mapsui.Forms.Android.csproj", "{30A01972-4589-4D20-A58B-8BE215404013}"
EndProject
Project("{FAE04EC0-301F-11D3-BF4B-00C04F79EFBC}") = "Mapsui.Forms", "Mapsui.Forms\Mapsui.Forms.csproj", "{5169A300-5FAF-4625-8AA4-96B477D85296}"
EndProject
Project("{FAE04EC0-301F-11D3-BF4B-00C04F79EFBC}") = "Mapsui.Forms.Uwp", "Mapsui.Forms.Uwp\Mapsui.Forms.Uwp.csproj", "{ABEE10F8-06F2-4ECF-998E-6E1A6AC1D7BE}"
EndProject
Project("{FAE04EC0-301F-11D3-BF4B-00C04F79EFBC}") = "Mapsui.Forms.iOS", "Mapsui.Forms.iOS\Mapsui.Forms.iOS.csproj", "{ACDEBEF6-F717-44B6-AA0C-7CCDF3E553CB}"
EndProject
Project("{2150E333-8FDC-42A3-9474-1A3956D46DE8}") = "Samples", "Samples", "{54A34165-EF28-4950-BF37-D745CC9E4DF0}"
EndProject
Project("{FAE04EC0-301F-11D3-BF4B-00C04F79EFBC}") = "Mapsui.Samples.Forms", "Samples\Mapsui.Samples.Forms\Mapsui.Samples.Forms.csproj", "{88AEF3FF-B1C5-4863-832F-BD21887FB32B}"
EndProject
Project("{FAE04EC0-301F-11D3-BF4B-00C04F79EFBC}") = "Mapsui.Samples.Forms.Android", "Samples\Mapsui.Samples.Forms.Android\Mapsui.Samples.Forms.Android.csproj", "{249BF806-9DAA-4216-AD3A-C544AA80ACCF}"
EndProject
Project("{FAE04EC0-301F-11D3-BF4B-00C04F79EFBC}") = "Mapsui.Samples.Forms.iOS", "Samples\Mapsui.Samples.Forms.iOS\Mapsui.Samples.Forms.iOS.csproj", "{C18961C6-3600-4C39-9592-9DE1C00C4C1A}"
EndProject
Project("{FAE04EC0-301F-11D3-BF4B-00C04F79EFBC}") = "Mapsui.Samples.Forms.Uwp", "Samples\Mapsui.Samples.Forms.Uwp\Mapsui.Samples.Forms.Uwp.csproj", "{2A7C2240-4A72-4E29-BA2E-131EB4B2A0D5}"
EndProject
Project("{2150E333-8FDC-42A3-9474-1A3956D46DE8}") = "Tests", "Tests", "{4E59B5E5-B4E7-4AA6-831A-15F7CA6D0240}"
EndProject
Project("{FAE04EC0-301F-11D3-BF4B-00C04F79EFBC}") = "Mapsui.Forms.Tests", "Tests\Mapsui.Forms.Tests\Mapsui.Forms.Tests.csproj", "{8EDF4429-251A-416D-BB68-93F227191BCF}"
EndProject
Global
	GlobalSection(SolutionConfigurationPlatforms) = preSolution
		Ad-Hoc|Any CPU = Ad-Hoc|Any CPU
		Ad-Hoc|ARM = Ad-Hoc|ARM
		Ad-Hoc|iPhone = Ad-Hoc|iPhone
		Ad-Hoc|iPhoneSimulator = Ad-Hoc|iPhoneSimulator
		Ad-Hoc|x64 = Ad-Hoc|x64
		Ad-Hoc|x86 = Ad-Hoc|x86
		AppStore|Any CPU = AppStore|Any CPU
		AppStore|ARM = AppStore|ARM
		AppStore|iPhone = AppStore|iPhone
		AppStore|iPhoneSimulator = AppStore|iPhoneSimulator
		AppStore|x64 = AppStore|x64
		AppStore|x86 = AppStore|x86
		Debug|Any CPU = Debug|Any CPU
		Debug|ARM = Debug|ARM
		Debug|iPhone = Debug|iPhone
		Debug|iPhoneSimulator = Debug|iPhoneSimulator
		Debug|x64 = Debug|x64
		Debug|x86 = Debug|x86
		Release|Any CPU = Release|Any CPU
		Release|ARM = Release|ARM
		Release|iPhone = Release|iPhone
		Release|iPhoneSimulator = Release|iPhoneSimulator
		Release|x64 = Release|x64
		Release|x86 = Release|x86
	EndGlobalSection
	GlobalSection(ProjectConfigurationPlatforms) = postSolution
		{30A01972-4589-4D20-A58B-8BE215404013}.Ad-Hoc|Any CPU.ActiveCfg = Release|Any CPU
		{30A01972-4589-4D20-A58B-8BE215404013}.Ad-Hoc|Any CPU.Build.0 = Release|Any CPU
		{30A01972-4589-4D20-A58B-8BE215404013}.Ad-Hoc|Any CPU.Deploy.0 = Release|Any CPU
		{30A01972-4589-4D20-A58B-8BE215404013}.Ad-Hoc|ARM.ActiveCfg = Release|Any CPU
		{30A01972-4589-4D20-A58B-8BE215404013}.Ad-Hoc|ARM.Build.0 = Release|Any CPU
		{30A01972-4589-4D20-A58B-8BE215404013}.Ad-Hoc|ARM.Deploy.0 = Release|Any CPU
		{30A01972-4589-4D20-A58B-8BE215404013}.Ad-Hoc|iPhone.ActiveCfg = Release|Any CPU
		{30A01972-4589-4D20-A58B-8BE215404013}.Ad-Hoc|iPhone.Build.0 = Release|Any CPU
		{30A01972-4589-4D20-A58B-8BE215404013}.Ad-Hoc|iPhone.Deploy.0 = Release|Any CPU
		{30A01972-4589-4D20-A58B-8BE215404013}.Ad-Hoc|iPhoneSimulator.ActiveCfg = Release|Any CPU
		{30A01972-4589-4D20-A58B-8BE215404013}.Ad-Hoc|iPhoneSimulator.Build.0 = Release|Any CPU
		{30A01972-4589-4D20-A58B-8BE215404013}.Ad-Hoc|iPhoneSimulator.Deploy.0 = Release|Any CPU
		{30A01972-4589-4D20-A58B-8BE215404013}.Ad-Hoc|x64.ActiveCfg = Release|Any CPU
		{30A01972-4589-4D20-A58B-8BE215404013}.Ad-Hoc|x64.Build.0 = Release|Any CPU
		{30A01972-4589-4D20-A58B-8BE215404013}.Ad-Hoc|x64.Deploy.0 = Release|Any CPU
		{30A01972-4589-4D20-A58B-8BE215404013}.Ad-Hoc|x86.ActiveCfg = Release|Any CPU
		{30A01972-4589-4D20-A58B-8BE215404013}.Ad-Hoc|x86.Build.0 = Release|Any CPU
		{30A01972-4589-4D20-A58B-8BE215404013}.Ad-Hoc|x86.Deploy.0 = Release|Any CPU
		{30A01972-4589-4D20-A58B-8BE215404013}.AppStore|Any CPU.ActiveCfg = Release|Any CPU
		{30A01972-4589-4D20-A58B-8BE215404013}.AppStore|Any CPU.Build.0 = Release|Any CPU
		{30A01972-4589-4D20-A58B-8BE215404013}.AppStore|Any CPU.Deploy.0 = Release|Any CPU
		{30A01972-4589-4D20-A58B-8BE215404013}.AppStore|ARM.ActiveCfg = Release|Any CPU
		{30A01972-4589-4D20-A58B-8BE215404013}.AppStore|ARM.Build.0 = Release|Any CPU
		{30A01972-4589-4D20-A58B-8BE215404013}.AppStore|ARM.Deploy.0 = Release|Any CPU
		{30A01972-4589-4D20-A58B-8BE215404013}.AppStore|iPhone.ActiveCfg = Release|Any CPU
		{30A01972-4589-4D20-A58B-8BE215404013}.AppStore|iPhone.Build.0 = Release|Any CPU
		{30A01972-4589-4D20-A58B-8BE215404013}.AppStore|iPhone.Deploy.0 = Release|Any CPU
		{30A01972-4589-4D20-A58B-8BE215404013}.AppStore|iPhoneSimulator.ActiveCfg = Release|Any CPU
		{30A01972-4589-4D20-A58B-8BE215404013}.AppStore|iPhoneSimulator.Build.0 = Release|Any CPU
		{30A01972-4589-4D20-A58B-8BE215404013}.AppStore|iPhoneSimulator.Deploy.0 = Release|Any CPU
		{30A01972-4589-4D20-A58B-8BE215404013}.AppStore|x64.ActiveCfg = Release|Any CPU
		{30A01972-4589-4D20-A58B-8BE215404013}.AppStore|x64.Build.0 = Release|Any CPU
		{30A01972-4589-4D20-A58B-8BE215404013}.AppStore|x64.Deploy.0 = Release|Any CPU
		{30A01972-4589-4D20-A58B-8BE215404013}.AppStore|x86.ActiveCfg = Release|Any CPU
		{30A01972-4589-4D20-A58B-8BE215404013}.AppStore|x86.Build.0 = Release|Any CPU
		{30A01972-4589-4D20-A58B-8BE215404013}.AppStore|x86.Deploy.0 = Release|Any CPU
		{30A01972-4589-4D20-A58B-8BE215404013}.Debug|Any CPU.ActiveCfg = Debug|Any CPU
		{30A01972-4589-4D20-A58B-8BE215404013}.Debug|Any CPU.Build.0 = Debug|Any CPU
		{30A01972-4589-4D20-A58B-8BE215404013}.Debug|Any CPU.Deploy.0 = Debug|Any CPU
		{30A01972-4589-4D20-A58B-8BE215404013}.Debug|ARM.ActiveCfg = Debug|Any CPU
		{30A01972-4589-4D20-A58B-8BE215404013}.Debug|ARM.Build.0 = Debug|Any CPU
		{30A01972-4589-4D20-A58B-8BE215404013}.Debug|ARM.Deploy.0 = Debug|Any CPU
		{30A01972-4589-4D20-A58B-8BE215404013}.Debug|iPhone.ActiveCfg = Debug|Any CPU
		{30A01972-4589-4D20-A58B-8BE215404013}.Debug|iPhone.Build.0 = Debug|Any CPU
		{30A01972-4589-4D20-A58B-8BE215404013}.Debug|iPhone.Deploy.0 = Debug|Any CPU
		{30A01972-4589-4D20-A58B-8BE215404013}.Debug|iPhoneSimulator.ActiveCfg = Debug|Any CPU
		{30A01972-4589-4D20-A58B-8BE215404013}.Debug|iPhoneSimulator.Build.0 = Debug|Any CPU
		{30A01972-4589-4D20-A58B-8BE215404013}.Debug|iPhoneSimulator.Deploy.0 = Debug|Any CPU
		{30A01972-4589-4D20-A58B-8BE215404013}.Debug|x64.ActiveCfg = Debug|Any CPU
		{30A01972-4589-4D20-A58B-8BE215404013}.Debug|x64.Build.0 = Debug|Any CPU
		{30A01972-4589-4D20-A58B-8BE215404013}.Debug|x64.Deploy.0 = Debug|Any CPU
		{30A01972-4589-4D20-A58B-8BE215404013}.Debug|x86.ActiveCfg = Debug|Any CPU
		{30A01972-4589-4D20-A58B-8BE215404013}.Debug|x86.Build.0 = Debug|Any CPU
		{30A01972-4589-4D20-A58B-8BE215404013}.Debug|x86.Deploy.0 = Debug|Any CPU
		{30A01972-4589-4D20-A58B-8BE215404013}.Release|Any CPU.ActiveCfg = Release|Any CPU
		{30A01972-4589-4D20-A58B-8BE215404013}.Release|Any CPU.Build.0 = Release|Any CPU
		{30A01972-4589-4D20-A58B-8BE215404013}.Release|Any CPU.Deploy.0 = Release|Any CPU
		{30A01972-4589-4D20-A58B-8BE215404013}.Release|ARM.ActiveCfg = Release|Any CPU
		{30A01972-4589-4D20-A58B-8BE215404013}.Release|ARM.Build.0 = Release|Any CPU
		{30A01972-4589-4D20-A58B-8BE215404013}.Release|ARM.Deploy.0 = Release|Any CPU
		{30A01972-4589-4D20-A58B-8BE215404013}.Release|iPhone.ActiveCfg = Release|Any CPU
		{30A01972-4589-4D20-A58B-8BE215404013}.Release|iPhone.Build.0 = Release|Any CPU
		{30A01972-4589-4D20-A58B-8BE215404013}.Release|iPhone.Deploy.0 = Release|Any CPU
		{30A01972-4589-4D20-A58B-8BE215404013}.Release|iPhoneSimulator.ActiveCfg = Release|Any CPU
		{30A01972-4589-4D20-A58B-8BE215404013}.Release|iPhoneSimulator.Build.0 = Release|Any CPU
		{30A01972-4589-4D20-A58B-8BE215404013}.Release|iPhoneSimulator.Deploy.0 = Release|Any CPU
		{30A01972-4589-4D20-A58B-8BE215404013}.Release|x64.ActiveCfg = Release|Any CPU
		{30A01972-4589-4D20-A58B-8BE215404013}.Release|x64.Build.0 = Release|Any CPU
		{30A01972-4589-4D20-A58B-8BE215404013}.Release|x64.Deploy.0 = Release|Any CPU
		{30A01972-4589-4D20-A58B-8BE215404013}.Release|x86.ActiveCfg = Release|Any CPU
		{30A01972-4589-4D20-A58B-8BE215404013}.Release|x86.Build.0 = Release|Any CPU
		{30A01972-4589-4D20-A58B-8BE215404013}.Release|x86.Deploy.0 = Release|Any CPU
		{5169A300-5FAF-4625-8AA4-96B477D85296}.Ad-Hoc|Any CPU.ActiveCfg = Release|Any CPU
		{5169A300-5FAF-4625-8AA4-96B477D85296}.Ad-Hoc|Any CPU.Build.0 = Release|Any CPU
		{5169A300-5FAF-4625-8AA4-96B477D85296}.Ad-Hoc|ARM.ActiveCfg = Release|Any CPU
		{5169A300-5FAF-4625-8AA4-96B477D85296}.Ad-Hoc|ARM.Build.0 = Release|Any CPU
		{5169A300-5FAF-4625-8AA4-96B477D85296}.Ad-Hoc|iPhone.ActiveCfg = Release|Any CPU
		{5169A300-5FAF-4625-8AA4-96B477D85296}.Ad-Hoc|iPhone.Build.0 = Release|Any CPU
		{5169A300-5FAF-4625-8AA4-96B477D85296}.Ad-Hoc|iPhoneSimulator.ActiveCfg = Release|Any CPU
		{5169A300-5FAF-4625-8AA4-96B477D85296}.Ad-Hoc|iPhoneSimulator.Build.0 = Release|Any CPU
		{5169A300-5FAF-4625-8AA4-96B477D85296}.Ad-Hoc|x64.ActiveCfg = Release|Any CPU
		{5169A300-5FAF-4625-8AA4-96B477D85296}.Ad-Hoc|x64.Build.0 = Release|Any CPU
		{5169A300-5FAF-4625-8AA4-96B477D85296}.Ad-Hoc|x86.ActiveCfg = Release|Any CPU
		{5169A300-5FAF-4625-8AA4-96B477D85296}.Ad-Hoc|x86.Build.0 = Release|Any CPU
		{5169A300-5FAF-4625-8AA4-96B477D85296}.AppStore|Any CPU.ActiveCfg = Release|Any CPU
		{5169A300-5FAF-4625-8AA4-96B477D85296}.AppStore|Any CPU.Build.0 = Release|Any CPU
		{5169A300-5FAF-4625-8AA4-96B477D85296}.AppStore|ARM.ActiveCfg = Release|Any CPU
		{5169A300-5FAF-4625-8AA4-96B477D85296}.AppStore|ARM.Build.0 = Release|Any CPU
		{5169A300-5FAF-4625-8AA4-96B477D85296}.AppStore|iPhone.ActiveCfg = Release|Any CPU
		{5169A300-5FAF-4625-8AA4-96B477D85296}.AppStore|iPhone.Build.0 = Release|Any CPU
		{5169A300-5FAF-4625-8AA4-96B477D85296}.AppStore|iPhoneSimulator.ActiveCfg = Release|Any CPU
		{5169A300-5FAF-4625-8AA4-96B477D85296}.AppStore|iPhoneSimulator.Build.0 = Release|Any CPU
		{5169A300-5FAF-4625-8AA4-96B477D85296}.AppStore|x64.ActiveCfg = Release|Any CPU
		{5169A300-5FAF-4625-8AA4-96B477D85296}.AppStore|x64.Build.0 = Release|Any CPU
		{5169A300-5FAF-4625-8AA4-96B477D85296}.AppStore|x86.ActiveCfg = Release|Any CPU
		{5169A300-5FAF-4625-8AA4-96B477D85296}.AppStore|x86.Build.0 = Release|Any CPU
		{5169A300-5FAF-4625-8AA4-96B477D85296}.Debug|Any CPU.ActiveCfg = Debug|Any CPU
		{5169A300-5FAF-4625-8AA4-96B477D85296}.Debug|Any CPU.Build.0 = Debug|Any CPU
		{5169A300-5FAF-4625-8AA4-96B477D85296}.Debug|ARM.ActiveCfg = Debug|Any CPU
		{5169A300-5FAF-4625-8AA4-96B477D85296}.Debug|ARM.Build.0 = Debug|Any CPU
		{5169A300-5FAF-4625-8AA4-96B477D85296}.Debug|iPhone.ActiveCfg = Debug|Any CPU
		{5169A300-5FAF-4625-8AA4-96B477D85296}.Debug|iPhone.Build.0 = Debug|Any CPU
		{5169A300-5FAF-4625-8AA4-96B477D85296}.Debug|iPhoneSimulator.ActiveCfg = Debug|Any CPU
		{5169A300-5FAF-4625-8AA4-96B477D85296}.Debug|iPhoneSimulator.Build.0 = Debug|Any CPU
		{5169A300-5FAF-4625-8AA4-96B477D85296}.Debug|x64.ActiveCfg = Debug|Any CPU
		{5169A300-5FAF-4625-8AA4-96B477D85296}.Debug|x64.Build.0 = Debug|Any CPU
		{5169A300-5FAF-4625-8AA4-96B477D85296}.Debug|x86.ActiveCfg = Debug|Any CPU
		{5169A300-5FAF-4625-8AA4-96B477D85296}.Debug|x86.Build.0 = Debug|Any CPU
		{5169A300-5FAF-4625-8AA4-96B477D85296}.Release|Any CPU.ActiveCfg = Release|Any CPU
		{5169A300-5FAF-4625-8AA4-96B477D85296}.Release|Any CPU.Build.0 = Release|Any CPU
		{5169A300-5FAF-4625-8AA4-96B477D85296}.Release|ARM.ActiveCfg = Release|Any CPU
		{5169A300-5FAF-4625-8AA4-96B477D85296}.Release|ARM.Build.0 = Release|Any CPU
		{5169A300-5FAF-4625-8AA4-96B477D85296}.Release|iPhone.ActiveCfg = Release|Any CPU
		{5169A300-5FAF-4625-8AA4-96B477D85296}.Release|iPhone.Build.0 = Release|Any CPU
		{5169A300-5FAF-4625-8AA4-96B477D85296}.Release|iPhoneSimulator.ActiveCfg = Release|Any CPU
		{5169A300-5FAF-4625-8AA4-96B477D85296}.Release|iPhoneSimulator.Build.0 = Release|Any CPU
		{5169A300-5FAF-4625-8AA4-96B477D85296}.Release|x64.ActiveCfg = Release|Any CPU
		{5169A300-5FAF-4625-8AA4-96B477D85296}.Release|x64.Build.0 = Release|Any CPU
		{5169A300-5FAF-4625-8AA4-96B477D85296}.Release|x86.ActiveCfg = Release|Any CPU
		{5169A300-5FAF-4625-8AA4-96B477D85296}.Release|x86.Build.0 = Release|Any CPU
		{ABEE10F8-06F2-4ECF-998E-6E1A6AC1D7BE}.Ad-Hoc|Any CPU.ActiveCfg = Release|x86
		{ABEE10F8-06F2-4ECF-998E-6E1A6AC1D7BE}.Ad-Hoc|Any CPU.Build.0 = Release|x86
		{ABEE10F8-06F2-4ECF-998E-6E1A6AC1D7BE}.Ad-Hoc|Any CPU.Deploy.0 = Release|x86
		{ABEE10F8-06F2-4ECF-998E-6E1A6AC1D7BE}.Ad-Hoc|ARM.ActiveCfg = Release|ARM
		{ABEE10F8-06F2-4ECF-998E-6E1A6AC1D7BE}.Ad-Hoc|ARM.Build.0 = Release|ARM
		{ABEE10F8-06F2-4ECF-998E-6E1A6AC1D7BE}.Ad-Hoc|ARM.Deploy.0 = Release|ARM
		{ABEE10F8-06F2-4ECF-998E-6E1A6AC1D7BE}.Ad-Hoc|iPhone.ActiveCfg = Release|x86
		{ABEE10F8-06F2-4ECF-998E-6E1A6AC1D7BE}.Ad-Hoc|iPhone.Build.0 = Release|x86
		{ABEE10F8-06F2-4ECF-998E-6E1A6AC1D7BE}.Ad-Hoc|iPhone.Deploy.0 = Release|x86
		{ABEE10F8-06F2-4ECF-998E-6E1A6AC1D7BE}.Ad-Hoc|iPhoneSimulator.ActiveCfg = Release|x86
		{ABEE10F8-06F2-4ECF-998E-6E1A6AC1D7BE}.Ad-Hoc|iPhoneSimulator.Build.0 = Release|x86
		{ABEE10F8-06F2-4ECF-998E-6E1A6AC1D7BE}.Ad-Hoc|iPhoneSimulator.Deploy.0 = Release|x86
		{ABEE10F8-06F2-4ECF-998E-6E1A6AC1D7BE}.Ad-Hoc|x64.ActiveCfg = Release|x64
		{ABEE10F8-06F2-4ECF-998E-6E1A6AC1D7BE}.Ad-Hoc|x64.Build.0 = Release|x64
		{ABEE10F8-06F2-4ECF-998E-6E1A6AC1D7BE}.Ad-Hoc|x64.Deploy.0 = Release|x64
		{ABEE10F8-06F2-4ECF-998E-6E1A6AC1D7BE}.Ad-Hoc|x86.ActiveCfg = Release|x86
		{ABEE10F8-06F2-4ECF-998E-6E1A6AC1D7BE}.Ad-Hoc|x86.Build.0 = Release|x86
		{ABEE10F8-06F2-4ECF-998E-6E1A6AC1D7BE}.Ad-Hoc|x86.Deploy.0 = Release|x86
		{ABEE10F8-06F2-4ECF-998E-6E1A6AC1D7BE}.AppStore|Any CPU.ActiveCfg = Release|x86
		{ABEE10F8-06F2-4ECF-998E-6E1A6AC1D7BE}.AppStore|Any CPU.Build.0 = Release|x86
		{ABEE10F8-06F2-4ECF-998E-6E1A6AC1D7BE}.AppStore|Any CPU.Deploy.0 = Release|x86
		{ABEE10F8-06F2-4ECF-998E-6E1A6AC1D7BE}.AppStore|ARM.ActiveCfg = Release|ARM
		{ABEE10F8-06F2-4ECF-998E-6E1A6AC1D7BE}.AppStore|ARM.Build.0 = Release|ARM
		{ABEE10F8-06F2-4ECF-998E-6E1A6AC1D7BE}.AppStore|ARM.Deploy.0 = Release|ARM
		{ABEE10F8-06F2-4ECF-998E-6E1A6AC1D7BE}.AppStore|iPhone.ActiveCfg = Release|x86
		{ABEE10F8-06F2-4ECF-998E-6E1A6AC1D7BE}.AppStore|iPhone.Build.0 = Release|x86
		{ABEE10F8-06F2-4ECF-998E-6E1A6AC1D7BE}.AppStore|iPhone.Deploy.0 = Release|x86
		{ABEE10F8-06F2-4ECF-998E-6E1A6AC1D7BE}.AppStore|iPhoneSimulator.ActiveCfg = Release|x86
		{ABEE10F8-06F2-4ECF-998E-6E1A6AC1D7BE}.AppStore|iPhoneSimulator.Build.0 = Release|x86
		{ABEE10F8-06F2-4ECF-998E-6E1A6AC1D7BE}.AppStore|iPhoneSimulator.Deploy.0 = Release|x86
		{ABEE10F8-06F2-4ECF-998E-6E1A6AC1D7BE}.AppStore|x64.ActiveCfg = Release|x64
		{ABEE10F8-06F2-4ECF-998E-6E1A6AC1D7BE}.AppStore|x64.Build.0 = Release|x64
		{ABEE10F8-06F2-4ECF-998E-6E1A6AC1D7BE}.AppStore|x64.Deploy.0 = Release|x64
		{ABEE10F8-06F2-4ECF-998E-6E1A6AC1D7BE}.AppStore|x86.ActiveCfg = Release|x86
		{ABEE10F8-06F2-4ECF-998E-6E1A6AC1D7BE}.AppStore|x86.Build.0 = Release|x86
		{ABEE10F8-06F2-4ECF-998E-6E1A6AC1D7BE}.AppStore|x86.Deploy.0 = Release|x86
		{ABEE10F8-06F2-4ECF-998E-6E1A6AC1D7BE}.Debug|Any CPU.ActiveCfg = Debug|x86
		{ABEE10F8-06F2-4ECF-998E-6E1A6AC1D7BE}.Debug|ARM.ActiveCfg = Debug|ARM
		{ABEE10F8-06F2-4ECF-998E-6E1A6AC1D7BE}.Debug|ARM.Build.0 = Debug|ARM
		{ABEE10F8-06F2-4ECF-998E-6E1A6AC1D7BE}.Debug|ARM.Deploy.0 = Debug|ARM
		{ABEE10F8-06F2-4ECF-998E-6E1A6AC1D7BE}.Debug|iPhone.ActiveCfg = Debug|x86
		{ABEE10F8-06F2-4ECF-998E-6E1A6AC1D7BE}.Debug|iPhoneSimulator.ActiveCfg = Debug|x86
		{ABEE10F8-06F2-4ECF-998E-6E1A6AC1D7BE}.Debug|x64.ActiveCfg = Debug|x64
		{ABEE10F8-06F2-4ECF-998E-6E1A6AC1D7BE}.Debug|x64.Build.0 = Debug|x64
		{ABEE10F8-06F2-4ECF-998E-6E1A6AC1D7BE}.Debug|x64.Deploy.0 = Debug|x64
		{ABEE10F8-06F2-4ECF-998E-6E1A6AC1D7BE}.Debug|x86.ActiveCfg = Debug|x86
		{ABEE10F8-06F2-4ECF-998E-6E1A6AC1D7BE}.Debug|x86.Build.0 = Debug|x86
		{ABEE10F8-06F2-4ECF-998E-6E1A6AC1D7BE}.Debug|x86.Deploy.0 = Debug|x86
		{ABEE10F8-06F2-4ECF-998E-6E1A6AC1D7BE}.Release|Any CPU.ActiveCfg = Release|Any CPU
		{ABEE10F8-06F2-4ECF-998E-6E1A6AC1D7BE}.Release|Any CPU.Build.0 = Release|Any CPU
		{ABEE10F8-06F2-4ECF-998E-6E1A6AC1D7BE}.Release|ARM.ActiveCfg = Release|ARM
		{ABEE10F8-06F2-4ECF-998E-6E1A6AC1D7BE}.Release|ARM.Build.0 = Release|ARM
		{ABEE10F8-06F2-4ECF-998E-6E1A6AC1D7BE}.Release|ARM.Deploy.0 = Release|ARM
		{ABEE10F8-06F2-4ECF-998E-6E1A6AC1D7BE}.Release|iPhone.ActiveCfg = Release|x86
		{ABEE10F8-06F2-4ECF-998E-6E1A6AC1D7BE}.Release|iPhoneSimulator.ActiveCfg = Release|x86
		{ABEE10F8-06F2-4ECF-998E-6E1A6AC1D7BE}.Release|x64.ActiveCfg = Release|x64
		{ABEE10F8-06F2-4ECF-998E-6E1A6AC1D7BE}.Release|x64.Build.0 = Release|x64
		{ABEE10F8-06F2-4ECF-998E-6E1A6AC1D7BE}.Release|x64.Deploy.0 = Release|x64
		{ABEE10F8-06F2-4ECF-998E-6E1A6AC1D7BE}.Release|x86.ActiveCfg = Release|x86
		{ABEE10F8-06F2-4ECF-998E-6E1A6AC1D7BE}.Release|x86.Build.0 = Release|x86
		{ABEE10F8-06F2-4ECF-998E-6E1A6AC1D7BE}.Release|x86.Deploy.0 = Release|x86
		{ACDEBEF6-F717-44B6-AA0C-7CCDF3E553CB}.Ad-Hoc|Any CPU.ActiveCfg = Release|Any CPU
		{ACDEBEF6-F717-44B6-AA0C-7CCDF3E553CB}.Ad-Hoc|Any CPU.Build.0 = Release|Any CPU
		{ACDEBEF6-F717-44B6-AA0C-7CCDF3E553CB}.Ad-Hoc|ARM.ActiveCfg = Release|Any CPU
		{ACDEBEF6-F717-44B6-AA0C-7CCDF3E553CB}.Ad-Hoc|ARM.Build.0 = Release|Any CPU
		{ACDEBEF6-F717-44B6-AA0C-7CCDF3E553CB}.Ad-Hoc|iPhone.ActiveCfg = Release|Any CPU
		{ACDEBEF6-F717-44B6-AA0C-7CCDF3E553CB}.Ad-Hoc|iPhone.Build.0 = Release|Any CPU
		{ACDEBEF6-F717-44B6-AA0C-7CCDF3E553CB}.Ad-Hoc|iPhoneSimulator.ActiveCfg = Release|Any CPU
		{ACDEBEF6-F717-44B6-AA0C-7CCDF3E553CB}.Ad-Hoc|iPhoneSimulator.Build.0 = Release|Any CPU
		{ACDEBEF6-F717-44B6-AA0C-7CCDF3E553CB}.Ad-Hoc|x64.ActiveCfg = Release|Any CPU
		{ACDEBEF6-F717-44B6-AA0C-7CCDF3E553CB}.Ad-Hoc|x64.Build.0 = Release|Any CPU
		{ACDEBEF6-F717-44B6-AA0C-7CCDF3E553CB}.Ad-Hoc|x86.ActiveCfg = Release|Any CPU
		{ACDEBEF6-F717-44B6-AA0C-7CCDF3E553CB}.Ad-Hoc|x86.Build.0 = Release|Any CPU
		{ACDEBEF6-F717-44B6-AA0C-7CCDF3E553CB}.AppStore|Any CPU.ActiveCfg = Release|Any CPU
		{ACDEBEF6-F717-44B6-AA0C-7CCDF3E553CB}.AppStore|Any CPU.Build.0 = Release|Any CPU
		{ACDEBEF6-F717-44B6-AA0C-7CCDF3E553CB}.AppStore|ARM.ActiveCfg = Release|Any CPU
		{ACDEBEF6-F717-44B6-AA0C-7CCDF3E553CB}.AppStore|ARM.Build.0 = Release|Any CPU
		{ACDEBEF6-F717-44B6-AA0C-7CCDF3E553CB}.AppStore|iPhone.ActiveCfg = Release|Any CPU
		{ACDEBEF6-F717-44B6-AA0C-7CCDF3E553CB}.AppStore|iPhone.Build.0 = Release|Any CPU
		{ACDEBEF6-F717-44B6-AA0C-7CCDF3E553CB}.AppStore|iPhoneSimulator.ActiveCfg = Release|Any CPU
		{ACDEBEF6-F717-44B6-AA0C-7CCDF3E553CB}.AppStore|iPhoneSimulator.Build.0 = Release|Any CPU
		{ACDEBEF6-F717-44B6-AA0C-7CCDF3E553CB}.AppStore|x64.ActiveCfg = Release|Any CPU
		{ACDEBEF6-F717-44B6-AA0C-7CCDF3E553CB}.AppStore|x64.Build.0 = Release|Any CPU
		{ACDEBEF6-F717-44B6-AA0C-7CCDF3E553CB}.AppStore|x86.ActiveCfg = Release|Any CPU
		{ACDEBEF6-F717-44B6-AA0C-7CCDF3E553CB}.AppStore|x86.Build.0 = Release|Any CPU
		{ACDEBEF6-F717-44B6-AA0C-7CCDF3E553CB}.Debug|Any CPU.ActiveCfg = Debug|Any CPU
		{ACDEBEF6-F717-44B6-AA0C-7CCDF3E553CB}.Debug|Any CPU.Build.0 = Debug|Any CPU
		{ACDEBEF6-F717-44B6-AA0C-7CCDF3E553CB}.Debug|ARM.ActiveCfg = Debug|Any CPU
		{ACDEBEF6-F717-44B6-AA0C-7CCDF3E553CB}.Debug|ARM.Build.0 = Debug|Any CPU
		{ACDEBEF6-F717-44B6-AA0C-7CCDF3E553CB}.Debug|iPhone.ActiveCfg = Debug|Any CPU
		{ACDEBEF6-F717-44B6-AA0C-7CCDF3E553CB}.Debug|iPhone.Build.0 = Debug|Any CPU
		{ACDEBEF6-F717-44B6-AA0C-7CCDF3E553CB}.Debug|iPhoneSimulator.ActiveCfg = Debug|Any CPU
		{ACDEBEF6-F717-44B6-AA0C-7CCDF3E553CB}.Debug|iPhoneSimulator.Build.0 = Debug|Any CPU
		{ACDEBEF6-F717-44B6-AA0C-7CCDF3E553CB}.Debug|x64.ActiveCfg = Debug|Any CPU
		{ACDEBEF6-F717-44B6-AA0C-7CCDF3E553CB}.Debug|x64.Build.0 = Debug|Any CPU
		{ACDEBEF6-F717-44B6-AA0C-7CCDF3E553CB}.Debug|x86.ActiveCfg = Debug|Any CPU
		{ACDEBEF6-F717-44B6-AA0C-7CCDF3E553CB}.Debug|x86.Build.0 = Debug|Any CPU
		{ACDEBEF6-F717-44B6-AA0C-7CCDF3E553CB}.Release|Any CPU.ActiveCfg = Release|Any CPU
		{ACDEBEF6-F717-44B6-AA0C-7CCDF3E553CB}.Release|Any CPU.Build.0 = Release|Any CPU
		{ACDEBEF6-F717-44B6-AA0C-7CCDF3E553CB}.Release|ARM.ActiveCfg = Release|Any CPU
		{ACDEBEF6-F717-44B6-AA0C-7CCDF3E553CB}.Release|ARM.Build.0 = Release|Any CPU
		{ACDEBEF6-F717-44B6-AA0C-7CCDF3E553CB}.Release|iPhone.ActiveCfg = Release|Any CPU
		{ACDEBEF6-F717-44B6-AA0C-7CCDF3E553CB}.Release|iPhone.Build.0 = Release|Any CPU
		{ACDEBEF6-F717-44B6-AA0C-7CCDF3E553CB}.Release|iPhoneSimulator.ActiveCfg = Release|Any CPU
		{ACDEBEF6-F717-44B6-AA0C-7CCDF3E553CB}.Release|iPhoneSimulator.Build.0 = Release|Any CPU
		{ACDEBEF6-F717-44B6-AA0C-7CCDF3E553CB}.Release|x64.ActiveCfg = Release|Any CPU
		{ACDEBEF6-F717-44B6-AA0C-7CCDF3E553CB}.Release|x64.Build.0 = Release|Any CPU
		{ACDEBEF6-F717-44B6-AA0C-7CCDF3E553CB}.Release|x86.ActiveCfg = Release|Any CPU
		{ACDEBEF6-F717-44B6-AA0C-7CCDF3E553CB}.Release|x86.Build.0 = Release|Any CPU
		{88AEF3FF-B1C5-4863-832F-BD21887FB32B}.Ad-Hoc|Any CPU.ActiveCfg = Release|Any CPU
		{88AEF3FF-B1C5-4863-832F-BD21887FB32B}.Ad-Hoc|Any CPU.Build.0 = Release|Any CPU
		{88AEF3FF-B1C5-4863-832F-BD21887FB32B}.Ad-Hoc|ARM.ActiveCfg = Release|Any CPU
		{88AEF3FF-B1C5-4863-832F-BD21887FB32B}.Ad-Hoc|ARM.Build.0 = Release|Any CPU
		{88AEF3FF-B1C5-4863-832F-BD21887FB32B}.Ad-Hoc|iPhone.ActiveCfg = Release|Any CPU
		{88AEF3FF-B1C5-4863-832F-BD21887FB32B}.Ad-Hoc|iPhone.Build.0 = Release|Any CPU
		{88AEF3FF-B1C5-4863-832F-BD21887FB32B}.Ad-Hoc|iPhoneSimulator.ActiveCfg = Release|Any CPU
		{88AEF3FF-B1C5-4863-832F-BD21887FB32B}.Ad-Hoc|iPhoneSimulator.Build.0 = Release|Any CPU
		{88AEF3FF-B1C5-4863-832F-BD21887FB32B}.Ad-Hoc|x64.ActiveCfg = Release|Any CPU
		{88AEF3FF-B1C5-4863-832F-BD21887FB32B}.Ad-Hoc|x64.Build.0 = Release|Any CPU
		{88AEF3FF-B1C5-4863-832F-BD21887FB32B}.Ad-Hoc|x86.ActiveCfg = Release|Any CPU
		{88AEF3FF-B1C5-4863-832F-BD21887FB32B}.Ad-Hoc|x86.Build.0 = Release|Any CPU
		{88AEF3FF-B1C5-4863-832F-BD21887FB32B}.AppStore|Any CPU.ActiveCfg = Release|Any CPU
		{88AEF3FF-B1C5-4863-832F-BD21887FB32B}.AppStore|Any CPU.Build.0 = Release|Any CPU
		{88AEF3FF-B1C5-4863-832F-BD21887FB32B}.AppStore|ARM.ActiveCfg = Release|Any CPU
		{88AEF3FF-B1C5-4863-832F-BD21887FB32B}.AppStore|ARM.Build.0 = Release|Any CPU
		{88AEF3FF-B1C5-4863-832F-BD21887FB32B}.AppStore|iPhone.ActiveCfg = Release|Any CPU
		{88AEF3FF-B1C5-4863-832F-BD21887FB32B}.AppStore|iPhone.Build.0 = Release|Any CPU
		{88AEF3FF-B1C5-4863-832F-BD21887FB32B}.AppStore|iPhoneSimulator.ActiveCfg = Release|Any CPU
		{88AEF3FF-B1C5-4863-832F-BD21887FB32B}.AppStore|iPhoneSimulator.Build.0 = Release|Any CPU
		{88AEF3FF-B1C5-4863-832F-BD21887FB32B}.AppStore|x64.ActiveCfg = Release|Any CPU
		{88AEF3FF-B1C5-4863-832F-BD21887FB32B}.AppStore|x64.Build.0 = Release|Any CPU
		{88AEF3FF-B1C5-4863-832F-BD21887FB32B}.AppStore|x86.ActiveCfg = Release|Any CPU
		{88AEF3FF-B1C5-4863-832F-BD21887FB32B}.AppStore|x86.Build.0 = Release|Any CPU
		{88AEF3FF-B1C5-4863-832F-BD21887FB32B}.Debug|Any CPU.ActiveCfg = Debug|Any CPU
		{88AEF3FF-B1C5-4863-832F-BD21887FB32B}.Debug|Any CPU.Build.0 = Debug|Any CPU
		{88AEF3FF-B1C5-4863-832F-BD21887FB32B}.Debug|ARM.ActiveCfg = Debug|Any CPU
		{88AEF3FF-B1C5-4863-832F-BD21887FB32B}.Debug|ARM.Build.0 = Debug|Any CPU
		{88AEF3FF-B1C5-4863-832F-BD21887FB32B}.Debug|iPhone.ActiveCfg = Debug|Any CPU
		{88AEF3FF-B1C5-4863-832F-BD21887FB32B}.Debug|iPhone.Build.0 = Debug|Any CPU
		{88AEF3FF-B1C5-4863-832F-BD21887FB32B}.Debug|iPhoneSimulator.ActiveCfg = Debug|Any CPU
		{88AEF3FF-B1C5-4863-832F-BD21887FB32B}.Debug|iPhoneSimulator.Build.0 = Debug|Any CPU
		{88AEF3FF-B1C5-4863-832F-BD21887FB32B}.Debug|x64.ActiveCfg = Debug|Any CPU
		{88AEF3FF-B1C5-4863-832F-BD21887FB32B}.Debug|x64.Build.0 = Debug|Any CPU
		{88AEF3FF-B1C5-4863-832F-BD21887FB32B}.Debug|x86.ActiveCfg = Debug|Any CPU
		{88AEF3FF-B1C5-4863-832F-BD21887FB32B}.Debug|x86.Build.0 = Debug|Any CPU
		{88AEF3FF-B1C5-4863-832F-BD21887FB32B}.Release|Any CPU.ActiveCfg = Release|Any CPU
		{88AEF3FF-B1C5-4863-832F-BD21887FB32B}.Release|Any CPU.Build.0 = Release|Any CPU
		{88AEF3FF-B1C5-4863-832F-BD21887FB32B}.Release|ARM.ActiveCfg = Release|Any CPU
		{88AEF3FF-B1C5-4863-832F-BD21887FB32B}.Release|ARM.Build.0 = Release|Any CPU
		{88AEF3FF-B1C5-4863-832F-BD21887FB32B}.Release|iPhone.ActiveCfg = Release|Any CPU
		{88AEF3FF-B1C5-4863-832F-BD21887FB32B}.Release|iPhone.Build.0 = Release|Any CPU
		{88AEF3FF-B1C5-4863-832F-BD21887FB32B}.Release|iPhoneSimulator.ActiveCfg = Release|Any CPU
		{88AEF3FF-B1C5-4863-832F-BD21887FB32B}.Release|iPhoneSimulator.Build.0 = Release|Any CPU
		{88AEF3FF-B1C5-4863-832F-BD21887FB32B}.Release|x64.ActiveCfg = Release|Any CPU
		{88AEF3FF-B1C5-4863-832F-BD21887FB32B}.Release|x64.Build.0 = Release|Any CPU
		{88AEF3FF-B1C5-4863-832F-BD21887FB32B}.Release|x86.ActiveCfg = Release|Any CPU
		{88AEF3FF-B1C5-4863-832F-BD21887FB32B}.Release|x86.Build.0 = Release|Any CPU
		{249BF806-9DAA-4216-AD3A-C544AA80ACCF}.Ad-Hoc|Any CPU.ActiveCfg = Release|Any CPU
		{249BF806-9DAA-4216-AD3A-C544AA80ACCF}.Ad-Hoc|Any CPU.Build.0 = Release|Any CPU
		{249BF806-9DAA-4216-AD3A-C544AA80ACCF}.Ad-Hoc|Any CPU.Deploy.0 = Release|Any CPU
		{249BF806-9DAA-4216-AD3A-C544AA80ACCF}.Ad-Hoc|ARM.ActiveCfg = Release|Any CPU
		{249BF806-9DAA-4216-AD3A-C544AA80ACCF}.Ad-Hoc|ARM.Build.0 = Release|Any CPU
		{249BF806-9DAA-4216-AD3A-C544AA80ACCF}.Ad-Hoc|ARM.Deploy.0 = Release|Any CPU
		{249BF806-9DAA-4216-AD3A-C544AA80ACCF}.Ad-Hoc|iPhone.ActiveCfg = Release|Any CPU
		{249BF806-9DAA-4216-AD3A-C544AA80ACCF}.Ad-Hoc|iPhone.Build.0 = Release|Any CPU
		{249BF806-9DAA-4216-AD3A-C544AA80ACCF}.Ad-Hoc|iPhone.Deploy.0 = Release|Any CPU
		{249BF806-9DAA-4216-AD3A-C544AA80ACCF}.Ad-Hoc|iPhoneSimulator.ActiveCfg = Release|Any CPU
		{249BF806-9DAA-4216-AD3A-C544AA80ACCF}.Ad-Hoc|iPhoneSimulator.Build.0 = Release|Any CPU
		{249BF806-9DAA-4216-AD3A-C544AA80ACCF}.Ad-Hoc|iPhoneSimulator.Deploy.0 = Release|Any CPU
		{249BF806-9DAA-4216-AD3A-C544AA80ACCF}.Ad-Hoc|x64.ActiveCfg = Release|Any CPU
		{249BF806-9DAA-4216-AD3A-C544AA80ACCF}.Ad-Hoc|x64.Build.0 = Release|Any CPU
		{249BF806-9DAA-4216-AD3A-C544AA80ACCF}.Ad-Hoc|x64.Deploy.0 = Release|Any CPU
		{249BF806-9DAA-4216-AD3A-C544AA80ACCF}.Ad-Hoc|x86.ActiveCfg = Release|Any CPU
		{249BF806-9DAA-4216-AD3A-C544AA80ACCF}.Ad-Hoc|x86.Build.0 = Release|Any CPU
		{249BF806-9DAA-4216-AD3A-C544AA80ACCF}.Ad-Hoc|x86.Deploy.0 = Release|Any CPU
		{249BF806-9DAA-4216-AD3A-C544AA80ACCF}.AppStore|Any CPU.ActiveCfg = Release|Any CPU
		{249BF806-9DAA-4216-AD3A-C544AA80ACCF}.AppStore|Any CPU.Build.0 = Release|Any CPU
		{249BF806-9DAA-4216-AD3A-C544AA80ACCF}.AppStore|Any CPU.Deploy.0 = Release|Any CPU
		{249BF806-9DAA-4216-AD3A-C544AA80ACCF}.AppStore|ARM.ActiveCfg = Release|Any CPU
		{249BF806-9DAA-4216-AD3A-C544AA80ACCF}.AppStore|ARM.Build.0 = Release|Any CPU
		{249BF806-9DAA-4216-AD3A-C544AA80ACCF}.AppStore|ARM.Deploy.0 = Release|Any CPU
		{249BF806-9DAA-4216-AD3A-C544AA80ACCF}.AppStore|iPhone.ActiveCfg = Release|Any CPU
		{249BF806-9DAA-4216-AD3A-C544AA80ACCF}.AppStore|iPhone.Build.0 = Release|Any CPU
		{249BF806-9DAA-4216-AD3A-C544AA80ACCF}.AppStore|iPhone.Deploy.0 = Release|Any CPU
		{249BF806-9DAA-4216-AD3A-C544AA80ACCF}.AppStore|iPhoneSimulator.ActiveCfg = Release|Any CPU
		{249BF806-9DAA-4216-AD3A-C544AA80ACCF}.AppStore|iPhoneSimulator.Build.0 = Release|Any CPU
		{249BF806-9DAA-4216-AD3A-C544AA80ACCF}.AppStore|iPhoneSimulator.Deploy.0 = Release|Any CPU
		{249BF806-9DAA-4216-AD3A-C544AA80ACCF}.AppStore|x64.ActiveCfg = Release|Any CPU
		{249BF806-9DAA-4216-AD3A-C544AA80ACCF}.AppStore|x64.Build.0 = Release|Any CPU
		{249BF806-9DAA-4216-AD3A-C544AA80ACCF}.AppStore|x64.Deploy.0 = Release|Any CPU
		{249BF806-9DAA-4216-AD3A-C544AA80ACCF}.AppStore|x86.ActiveCfg = Release|Any CPU
		{249BF806-9DAA-4216-AD3A-C544AA80ACCF}.AppStore|x86.Build.0 = Release|Any CPU
		{249BF806-9DAA-4216-AD3A-C544AA80ACCF}.AppStore|x86.Deploy.0 = Release|Any CPU
		{249BF806-9DAA-4216-AD3A-C544AA80ACCF}.Debug|Any CPU.ActiveCfg = Debug|Any CPU
		{249BF806-9DAA-4216-AD3A-C544AA80ACCF}.Debug|Any CPU.Build.0 = Debug|Any CPU
		{249BF806-9DAA-4216-AD3A-C544AA80ACCF}.Debug|Any CPU.Deploy.0 = Debug|Any CPU
		{249BF806-9DAA-4216-AD3A-C544AA80ACCF}.Debug|ARM.ActiveCfg = Debug|Any CPU
		{249BF806-9DAA-4216-AD3A-C544AA80ACCF}.Debug|ARM.Build.0 = Debug|Any CPU
		{249BF806-9DAA-4216-AD3A-C544AA80ACCF}.Debug|ARM.Deploy.0 = Debug|Any CPU
		{249BF806-9DAA-4216-AD3A-C544AA80ACCF}.Debug|iPhone.ActiveCfg = Debug|Any CPU
		{249BF806-9DAA-4216-AD3A-C544AA80ACCF}.Debug|iPhone.Build.0 = Debug|Any CPU
		{249BF806-9DAA-4216-AD3A-C544AA80ACCF}.Debug|iPhone.Deploy.0 = Debug|Any CPU
		{249BF806-9DAA-4216-AD3A-C544AA80ACCF}.Debug|iPhoneSimulator.ActiveCfg = Debug|Any CPU
		{249BF806-9DAA-4216-AD3A-C544AA80ACCF}.Debug|iPhoneSimulator.Build.0 = Debug|Any CPU
		{249BF806-9DAA-4216-AD3A-C544AA80ACCF}.Debug|iPhoneSimulator.Deploy.0 = Debug|Any CPU
		{249BF806-9DAA-4216-AD3A-C544AA80ACCF}.Debug|x64.ActiveCfg = Debug|Any CPU
		{249BF806-9DAA-4216-AD3A-C544AA80ACCF}.Debug|x64.Build.0 = Debug|Any CPU
		{249BF806-9DAA-4216-AD3A-C544AA80ACCF}.Debug|x64.Deploy.0 = Debug|Any CPU
		{249BF806-9DAA-4216-AD3A-C544AA80ACCF}.Debug|x86.ActiveCfg = Debug|Any CPU
		{249BF806-9DAA-4216-AD3A-C544AA80ACCF}.Debug|x86.Build.0 = Debug|Any CPU
		{249BF806-9DAA-4216-AD3A-C544AA80ACCF}.Debug|x86.Deploy.0 = Debug|Any CPU
		{249BF806-9DAA-4216-AD3A-C544AA80ACCF}.Release|Any CPU.ActiveCfg = Release|Any CPU
		{249BF806-9DAA-4216-AD3A-C544AA80ACCF}.Release|Any CPU.Build.0 = Release|Any CPU
		{249BF806-9DAA-4216-AD3A-C544AA80ACCF}.Release|Any CPU.Deploy.0 = Release|Any CPU
		{249BF806-9DAA-4216-AD3A-C544AA80ACCF}.Release|ARM.ActiveCfg = Release|Any CPU
		{249BF806-9DAA-4216-AD3A-C544AA80ACCF}.Release|ARM.Build.0 = Release|Any CPU
		{249BF806-9DAA-4216-AD3A-C544AA80ACCF}.Release|ARM.Deploy.0 = Release|Any CPU
		{249BF806-9DAA-4216-AD3A-C544AA80ACCF}.Release|iPhone.ActiveCfg = Release|Any CPU
		{249BF806-9DAA-4216-AD3A-C544AA80ACCF}.Release|iPhone.Build.0 = Release|Any CPU
		{249BF806-9DAA-4216-AD3A-C544AA80ACCF}.Release|iPhone.Deploy.0 = Release|Any CPU
		{249BF806-9DAA-4216-AD3A-C544AA80ACCF}.Release|iPhoneSimulator.ActiveCfg = Release|Any CPU
		{249BF806-9DAA-4216-AD3A-C544AA80ACCF}.Release|iPhoneSimulator.Build.0 = Release|Any CPU
		{249BF806-9DAA-4216-AD3A-C544AA80ACCF}.Release|iPhoneSimulator.Deploy.0 = Release|Any CPU
		{249BF806-9DAA-4216-AD3A-C544AA80ACCF}.Release|x64.ActiveCfg = Release|Any CPU
		{249BF806-9DAA-4216-AD3A-C544AA80ACCF}.Release|x64.Build.0 = Release|Any CPU
		{249BF806-9DAA-4216-AD3A-C544AA80ACCF}.Release|x64.Deploy.0 = Release|Any CPU
		{249BF806-9DAA-4216-AD3A-C544AA80ACCF}.Release|x86.ActiveCfg = Release|Any CPU
		{249BF806-9DAA-4216-AD3A-C544AA80ACCF}.Release|x86.Build.0 = Release|Any CPU
		{249BF806-9DAA-4216-AD3A-C544AA80ACCF}.Release|x86.Deploy.0 = Release|Any CPU
		{C18961C6-3600-4C39-9592-9DE1C00C4C1A}.Ad-Hoc|Any CPU.ActiveCfg = Ad-Hoc|iPhone
		{C18961C6-3600-4C39-9592-9DE1C00C4C1A}.Ad-Hoc|ARM.ActiveCfg = Ad-Hoc|iPhone
		{C18961C6-3600-4C39-9592-9DE1C00C4C1A}.Ad-Hoc|iPhone.ActiveCfg = Ad-Hoc|iPhone
		{C18961C6-3600-4C39-9592-9DE1C00C4C1A}.Ad-Hoc|iPhone.Build.0 = Ad-Hoc|iPhone
		{C18961C6-3600-4C39-9592-9DE1C00C4C1A}.Ad-Hoc|iPhoneSimulator.ActiveCfg = Ad-Hoc|iPhoneSimulator
		{C18961C6-3600-4C39-9592-9DE1C00C4C1A}.Ad-Hoc|iPhoneSimulator.Build.0 = Ad-Hoc|iPhoneSimulator
		{C18961C6-3600-4C39-9592-9DE1C00C4C1A}.Ad-Hoc|x64.ActiveCfg = Ad-Hoc|iPhone
		{C18961C6-3600-4C39-9592-9DE1C00C4C1A}.Ad-Hoc|x86.ActiveCfg = Ad-Hoc|iPhone
		{C18961C6-3600-4C39-9592-9DE1C00C4C1A}.AppStore|Any CPU.ActiveCfg = AppStore|iPhone
		{C18961C6-3600-4C39-9592-9DE1C00C4C1A}.AppStore|ARM.ActiveCfg = AppStore|iPhone
		{C18961C6-3600-4C39-9592-9DE1C00C4C1A}.AppStore|iPhone.ActiveCfg = AppStore|iPhone
		{C18961C6-3600-4C39-9592-9DE1C00C4C1A}.AppStore|iPhone.Build.0 = AppStore|iPhone
		{C18961C6-3600-4C39-9592-9DE1C00C4C1A}.AppStore|iPhoneSimulator.ActiveCfg = AppStore|iPhoneSimulator
		{C18961C6-3600-4C39-9592-9DE1C00C4C1A}.AppStore|iPhoneSimulator.Build.0 = AppStore|iPhoneSimulator
		{C18961C6-3600-4C39-9592-9DE1C00C4C1A}.AppStore|x64.ActiveCfg = AppStore|iPhone
		{C18961C6-3600-4C39-9592-9DE1C00C4C1A}.AppStore|x86.ActiveCfg = AppStore|iPhone
		{C18961C6-3600-4C39-9592-9DE1C00C4C1A}.Debug|Any CPU.ActiveCfg = Debug|iPhone
		{C18961C6-3600-4C39-9592-9DE1C00C4C1A}.Debug|Any CPU.Deploy.0 = Debug|iPhone
		{C18961C6-3600-4C39-9592-9DE1C00C4C1A}.Debug|ARM.ActiveCfg = Debug|iPhone
		{C18961C6-3600-4C39-9592-9DE1C00C4C1A}.Debug|iPhone.ActiveCfg = Debug|iPhone
		{C18961C6-3600-4C39-9592-9DE1C00C4C1A}.Debug|iPhone.Build.0 = Debug|iPhone
		{C18961C6-3600-4C39-9592-9DE1C00C4C1A}.Debug|iPhoneSimulator.ActiveCfg = Debug|iPhoneSimulator
		{C18961C6-3600-4C39-9592-9DE1C00C4C1A}.Debug|iPhoneSimulator.Build.0 = Debug|iPhoneSimulator
		{C18961C6-3600-4C39-9592-9DE1C00C4C1A}.Debug|x64.ActiveCfg = Debug|iPhone
		{C18961C6-3600-4C39-9592-9DE1C00C4C1A}.Debug|x86.ActiveCfg = Debug|iPhone
		{C18961C6-3600-4C39-9592-9DE1C00C4C1A}.Release|Any CPU.ActiveCfg = Release|iPhone
		{C18961C6-3600-4C39-9592-9DE1C00C4C1A}.Release|ARM.ActiveCfg = Release|iPhone
		{C18961C6-3600-4C39-9592-9DE1C00C4C1A}.Release|iPhone.ActiveCfg = Release|iPhone
		{C18961C6-3600-4C39-9592-9DE1C00C4C1A}.Release|iPhone.Build.0 = Release|iPhone
		{C18961C6-3600-4C39-9592-9DE1C00C4C1A}.Release|iPhoneSimulator.ActiveCfg = Release|iPhoneSimulator
		{C18961C6-3600-4C39-9592-9DE1C00C4C1A}.Release|iPhoneSimulator.Build.0 = Release|iPhoneSimulator
		{C18961C6-3600-4C39-9592-9DE1C00C4C1A}.Release|x64.ActiveCfg = Release|iPhone
		{C18961C6-3600-4C39-9592-9DE1C00C4C1A}.Release|x86.ActiveCfg = Release|iPhone
		{2A7C2240-4A72-4E29-BA2E-131EB4B2A0D5}.Ad-Hoc|Any CPU.ActiveCfg = Release|x86
		{2A7C2240-4A72-4E29-BA2E-131EB4B2A0D5}.Ad-Hoc|Any CPU.Build.0 = Release|x86
		{2A7C2240-4A72-4E29-BA2E-131EB4B2A0D5}.Ad-Hoc|Any CPU.Deploy.0 = Release|x86
		{2A7C2240-4A72-4E29-BA2E-131EB4B2A0D5}.Ad-Hoc|ARM.ActiveCfg = Release|ARM
		{2A7C2240-4A72-4E29-BA2E-131EB4B2A0D5}.Ad-Hoc|ARM.Build.0 = Release|ARM
		{2A7C2240-4A72-4E29-BA2E-131EB4B2A0D5}.Ad-Hoc|ARM.Deploy.0 = Release|ARM
		{2A7C2240-4A72-4E29-BA2E-131EB4B2A0D5}.Ad-Hoc|iPhone.ActiveCfg = Release|x86
		{2A7C2240-4A72-4E29-BA2E-131EB4B2A0D5}.Ad-Hoc|iPhone.Build.0 = Release|x86
		{2A7C2240-4A72-4E29-BA2E-131EB4B2A0D5}.Ad-Hoc|iPhone.Deploy.0 = Release|x86
		{2A7C2240-4A72-4E29-BA2E-131EB4B2A0D5}.Ad-Hoc|iPhoneSimulator.ActiveCfg = Release|x86
		{2A7C2240-4A72-4E29-BA2E-131EB4B2A0D5}.Ad-Hoc|iPhoneSimulator.Build.0 = Release|x86
		{2A7C2240-4A72-4E29-BA2E-131EB4B2A0D5}.Ad-Hoc|iPhoneSimulator.Deploy.0 = Release|x86
		{2A7C2240-4A72-4E29-BA2E-131EB4B2A0D5}.Ad-Hoc|x64.ActiveCfg = Release|x64
		{2A7C2240-4A72-4E29-BA2E-131EB4B2A0D5}.Ad-Hoc|x64.Build.0 = Release|x64
		{2A7C2240-4A72-4E29-BA2E-131EB4B2A0D5}.Ad-Hoc|x64.Deploy.0 = Release|x64
		{2A7C2240-4A72-4E29-BA2E-131EB4B2A0D5}.Ad-Hoc|x86.ActiveCfg = Release|x86
		{2A7C2240-4A72-4E29-BA2E-131EB4B2A0D5}.Ad-Hoc|x86.Build.0 = Release|x86
		{2A7C2240-4A72-4E29-BA2E-131EB4B2A0D5}.Ad-Hoc|x86.Deploy.0 = Release|x86
		{2A7C2240-4A72-4E29-BA2E-131EB4B2A0D5}.AppStore|Any CPU.ActiveCfg = Release|x86
		{2A7C2240-4A72-4E29-BA2E-131EB4B2A0D5}.AppStore|Any CPU.Build.0 = Release|x86
		{2A7C2240-4A72-4E29-BA2E-131EB4B2A0D5}.AppStore|Any CPU.Deploy.0 = Release|x86
		{2A7C2240-4A72-4E29-BA2E-131EB4B2A0D5}.AppStore|ARM.ActiveCfg = Release|ARM
		{2A7C2240-4A72-4E29-BA2E-131EB4B2A0D5}.AppStore|ARM.Build.0 = Release|ARM
		{2A7C2240-4A72-4E29-BA2E-131EB4B2A0D5}.AppStore|ARM.Deploy.0 = Release|ARM
		{2A7C2240-4A72-4E29-BA2E-131EB4B2A0D5}.AppStore|iPhone.ActiveCfg = Release|x86
		{2A7C2240-4A72-4E29-BA2E-131EB4B2A0D5}.AppStore|iPhone.Build.0 = Release|x86
		{2A7C2240-4A72-4E29-BA2E-131EB4B2A0D5}.AppStore|iPhone.Deploy.0 = Release|x86
		{2A7C2240-4A72-4E29-BA2E-131EB4B2A0D5}.AppStore|iPhoneSimulator.ActiveCfg = Release|x86
		{2A7C2240-4A72-4E29-BA2E-131EB4B2A0D5}.AppStore|iPhoneSimulator.Build.0 = Release|x86
		{2A7C2240-4A72-4E29-BA2E-131EB4B2A0D5}.AppStore|iPhoneSimulator.Deploy.0 = Release|x86
		{2A7C2240-4A72-4E29-BA2E-131EB4B2A0D5}.AppStore|x64.ActiveCfg = Release|x64
		{2A7C2240-4A72-4E29-BA2E-131EB4B2A0D5}.AppStore|x64.Build.0 = Release|x64
		{2A7C2240-4A72-4E29-BA2E-131EB4B2A0D5}.AppStore|x64.Deploy.0 = Release|x64
		{2A7C2240-4A72-4E29-BA2E-131EB4B2A0D5}.AppStore|x86.ActiveCfg = Release|x86
		{2A7C2240-4A72-4E29-BA2E-131EB4B2A0D5}.AppStore|x86.Build.0 = Release|x86
		{2A7C2240-4A72-4E29-BA2E-131EB4B2A0D5}.AppStore|x86.Deploy.0 = Release|x86
		{2A7C2240-4A72-4E29-BA2E-131EB4B2A0D5}.Debug|Any CPU.ActiveCfg = Debug|x86
		{2A7C2240-4A72-4E29-BA2E-131EB4B2A0D5}.Debug|Any CPU.Build.0 = Debug|x86
		{2A7C2240-4A72-4E29-BA2E-131EB4B2A0D5}.Debug|Any CPU.Deploy.0 = Debug|x86
		{2A7C2240-4A72-4E29-BA2E-131EB4B2A0D5}.Debug|ARM.ActiveCfg = Debug|ARM
		{2A7C2240-4A72-4E29-BA2E-131EB4B2A0D5}.Debug|ARM.Build.0 = Debug|ARM
		{2A7C2240-4A72-4E29-BA2E-131EB4B2A0D5}.Debug|ARM.Deploy.0 = Debug|ARM
		{2A7C2240-4A72-4E29-BA2E-131EB4B2A0D5}.Debug|iPhone.ActiveCfg = Debug|x86
		{2A7C2240-4A72-4E29-BA2E-131EB4B2A0D5}.Debug|iPhoneSimulator.ActiveCfg = Debug|x86
		{2A7C2240-4A72-4E29-BA2E-131EB4B2A0D5}.Debug|x64.ActiveCfg = Debug|x64
		{2A7C2240-4A72-4E29-BA2E-131EB4B2A0D5}.Debug|x64.Build.0 = Debug|x64
		{2A7C2240-4A72-4E29-BA2E-131EB4B2A0D5}.Debug|x64.Deploy.0 = Debug|x64
		{2A7C2240-4A72-4E29-BA2E-131EB4B2A0D5}.Debug|x86.ActiveCfg = Debug|x86
		{2A7C2240-4A72-4E29-BA2E-131EB4B2A0D5}.Debug|x86.Build.0 = Debug|x86
		{2A7C2240-4A72-4E29-BA2E-131EB4B2A0D5}.Debug|x86.Deploy.0 = Debug|x86
		{2A7C2240-4A72-4E29-BA2E-131EB4B2A0D5}.Release|Any CPU.ActiveCfg = Release|x86
		{2A7C2240-4A72-4E29-BA2E-131EB4B2A0D5}.Release|Any CPU.Build.0 = Release|x86
		{2A7C2240-4A72-4E29-BA2E-131EB4B2A0D5}.Release|Any CPU.Deploy.0 = Release|x86
		{2A7C2240-4A72-4E29-BA2E-131EB4B2A0D5}.Release|ARM.ActiveCfg = Release|ARM
		{2A7C2240-4A72-4E29-BA2E-131EB4B2A0D5}.Release|ARM.Build.0 = Release|ARM
		{2A7C2240-4A72-4E29-BA2E-131EB4B2A0D5}.Release|ARM.Deploy.0 = Release|ARM
		{2A7C2240-4A72-4E29-BA2E-131EB4B2A0D5}.Release|iPhone.ActiveCfg = Release|x86
		{2A7C2240-4A72-4E29-BA2E-131EB4B2A0D5}.Release|iPhoneSimulator.ActiveCfg = Release|x86
		{2A7C2240-4A72-4E29-BA2E-131EB4B2A0D5}.Release|x64.ActiveCfg = Release|x64
		{2A7C2240-4A72-4E29-BA2E-131EB4B2A0D5}.Release|x64.Build.0 = Release|x64
		{2A7C2240-4A72-4E29-BA2E-131EB4B2A0D5}.Release|x64.Deploy.0 = Release|x64
		{2A7C2240-4A72-4E29-BA2E-131EB4B2A0D5}.Release|x86.ActiveCfg = Release|x86
		{2A7C2240-4A72-4E29-BA2E-131EB4B2A0D5}.Release|x86.Build.0 = Release|x86
		{2A7C2240-4A72-4E29-BA2E-131EB4B2A0D5}.Release|x86.Deploy.0 = Release|x86
		{8EDF4429-251A-416D-BB68-93F227191BCF}.Ad-Hoc|Any CPU.ActiveCfg = Release|Any CPU
		{8EDF4429-251A-416D-BB68-93F227191BCF}.Ad-Hoc|Any CPU.Build.0 = Release|Any CPU
		{8EDF4429-251A-416D-BB68-93F227191BCF}.Ad-Hoc|ARM.ActiveCfg = Release|Any CPU
		{8EDF4429-251A-416D-BB68-93F227191BCF}.Ad-Hoc|ARM.Build.0 = Release|Any CPU
		{8EDF4429-251A-416D-BB68-93F227191BCF}.Ad-Hoc|iPhone.ActiveCfg = Release|Any CPU
		{8EDF4429-251A-416D-BB68-93F227191BCF}.Ad-Hoc|iPhone.Build.0 = Release|Any CPU
		{8EDF4429-251A-416D-BB68-93F227191BCF}.Ad-Hoc|iPhoneSimulator.ActiveCfg = Release|Any CPU
		{8EDF4429-251A-416D-BB68-93F227191BCF}.Ad-Hoc|iPhoneSimulator.Build.0 = Release|Any CPU
		{8EDF4429-251A-416D-BB68-93F227191BCF}.Ad-Hoc|x64.ActiveCfg = Release|Any CPU
		{8EDF4429-251A-416D-BB68-93F227191BCF}.Ad-Hoc|x64.Build.0 = Release|Any CPU
		{8EDF4429-251A-416D-BB68-93F227191BCF}.Ad-Hoc|x86.ActiveCfg = Release|Any CPU
		{8EDF4429-251A-416D-BB68-93F227191BCF}.Ad-Hoc|x86.Build.0 = Release|Any CPU
		{8EDF4429-251A-416D-BB68-93F227191BCF}.AppStore|Any CPU.ActiveCfg = Release|Any CPU
		{8EDF4429-251A-416D-BB68-93F227191BCF}.AppStore|Any CPU.Build.0 = Release|Any CPU
		{8EDF4429-251A-416D-BB68-93F227191BCF}.AppStore|ARM.ActiveCfg = Release|Any CPU
		{8EDF4429-251A-416D-BB68-93F227191BCF}.AppStore|ARM.Build.0 = Release|Any CPU
		{8EDF4429-251A-416D-BB68-93F227191BCF}.AppStore|iPhone.ActiveCfg = Release|Any CPU
		{8EDF4429-251A-416D-BB68-93F227191BCF}.AppStore|iPhone.Build.0 = Release|Any CPU
		{8EDF4429-251A-416D-BB68-93F227191BCF}.AppStore|iPhoneSimulator.ActiveCfg = Release|Any CPU
		{8EDF4429-251A-416D-BB68-93F227191BCF}.AppStore|iPhoneSimulator.Build.0 = Release|Any CPU
		{8EDF4429-251A-416D-BB68-93F227191BCF}.AppStore|x64.ActiveCfg = Release|Any CPU
		{8EDF4429-251A-416D-BB68-93F227191BCF}.AppStore|x64.Build.0 = Release|Any CPU
		{8EDF4429-251A-416D-BB68-93F227191BCF}.AppStore|x86.ActiveCfg = Release|Any CPU
		{8EDF4429-251A-416D-BB68-93F227191BCF}.AppStore|x86.Build.0 = Release|Any CPU
		{8EDF4429-251A-416D-BB68-93F227191BCF}.Debug|Any CPU.ActiveCfg = Debug|Any CPU
		{8EDF4429-251A-416D-BB68-93F227191BCF}.Debug|Any CPU.Build.0 = Debug|Any CPU
		{8EDF4429-251A-416D-BB68-93F227191BCF}.Debug|ARM.ActiveCfg = Debug|Any CPU
		{8EDF4429-251A-416D-BB68-93F227191BCF}.Debug|ARM.Build.0 = Debug|Any CPU
		{8EDF4429-251A-416D-BB68-93F227191BCF}.Debug|iPhone.ActiveCfg = Debug|Any CPU
		{8EDF4429-251A-416D-BB68-93F227191BCF}.Debug|iPhone.Build.0 = Debug|Any CPU
		{8EDF4429-251A-416D-BB68-93F227191BCF}.Debug|iPhoneSimulator.ActiveCfg = Debug|Any CPU
		{8EDF4429-251A-416D-BB68-93F227191BCF}.Debug|iPhoneSimulator.Build.0 = Debug|Any CPU
		{8EDF4429-251A-416D-BB68-93F227191BCF}.Debug|x64.ActiveCfg = Debug|Any CPU
		{8EDF4429-251A-416D-BB68-93F227191BCF}.Debug|x64.Build.0 = Debug|Any CPU
		{8EDF4429-251A-416D-BB68-93F227191BCF}.Debug|x86.ActiveCfg = Debug|Any CPU
		{8EDF4429-251A-416D-BB68-93F227191BCF}.Debug|x86.Build.0 = Debug|Any CPU
		{8EDF4429-251A-416D-BB68-93F227191BCF}.Release|Any CPU.ActiveCfg = Release|Any CPU
		{8EDF4429-251A-416D-BB68-93F227191BCF}.Release|Any CPU.Build.0 = Release|Any CPU
		{8EDF4429-251A-416D-BB68-93F227191BCF}.Release|ARM.ActiveCfg = Release|Any CPU
		{8EDF4429-251A-416D-BB68-93F227191BCF}.Release|ARM.Build.0 = Release|Any CPU
		{8EDF4429-251A-416D-BB68-93F227191BCF}.Release|iPhone.ActiveCfg = Release|Any CPU
		{8EDF4429-251A-416D-BB68-93F227191BCF}.Release|iPhone.Build.0 = Release|Any CPU
		{8EDF4429-251A-416D-BB68-93F227191BCF}.Release|iPhoneSimulator.ActiveCfg = Release|Any CPU
		{8EDF4429-251A-416D-BB68-93F227191BCF}.Release|iPhoneSimulator.Build.0 = Release|Any CPU
		{8EDF4429-251A-416D-BB68-93F227191BCF}.Release|x64.ActiveCfg = Release|Any CPU
		{8EDF4429-251A-416D-BB68-93F227191BCF}.Release|x64.Build.0 = Release|Any CPU
		{8EDF4429-251A-416D-BB68-93F227191BCF}.Release|x86.ActiveCfg = Release|Any CPU
		{8EDF4429-251A-416D-BB68-93F227191BCF}.Release|x86.Build.0 = Release|Any CPU
	EndGlobalSection
	GlobalSection(SolutionProperties) = preSolution
		HideSolutionNode = FALSE
	EndGlobalSection
	GlobalSection(NestedProjects) = preSolution
		{88AEF3FF-B1C5-4863-832F-BD21887FB32B} = {54A34165-EF28-4950-BF37-D745CC9E4DF0}
		{249BF806-9DAA-4216-AD3A-C544AA80ACCF} = {54A34165-EF28-4950-BF37-D745CC9E4DF0}
		{C18961C6-3600-4C39-9592-9DE1C00C4C1A} = {54A34165-EF28-4950-BF37-D745CC9E4DF0}
		{2A7C2240-4A72-4E29-BA2E-131EB4B2A0D5} = {54A34165-EF28-4950-BF37-D745CC9E4DF0}
		{8EDF4429-251A-416D-BB68-93F227191BCF} = {4E59B5E5-B4E7-4AA6-831A-15F7CA6D0240}
	EndGlobalSection
EndGlobal
